
Microsoft Visual Studio Solution File, Format Version 12.00
# Visual Studio Version 17
VisualStudioVersion = 17.10.35013.160
MinimumVisualStudioVersion = 10.0.40219.1
Project("{FAE04EC0-301F-11D3-BF4B-00C04F79EFBC}") = "WorkProject", "WorkProject.csproj", "{0EB4588F-402F-4306-B1DE-505671C53753}"
EndProject
Global
	GlobalSection(SolutionConfigurationPlatforms) = preSolution
		Debug|Any CPU = Debug|Any CPU
		Release|Any CPU = Release|Any CPU
	EndGlobalSection
	GlobalSection(ProjectConfigurationPlatforms) = postSolution
		{0EB4588F-402F-4306-B1DE-505671C53753}.Debug|Any CPU.ActiveCfg = Debug|Any CPU
		{0EB4588F-402F-4306-B1DE-505671C53753}.Debug|Any CPU.Build.0 = Debug|Any CPU
		{0EB4588F-402F-4306-B1DE-505671C53753}.Release|Any CPU.ActiveCfg = Release|Any CPU
		{0EB4588F-402F-4306-B1DE-505671C53753}.Release|Any CPU.Build.0 = Release|Any CPU
	EndGlobalSection
	GlobalSection(SolutionProperties) = preSolution
		HideSolutionNode = FALSE
	EndGlobalSection
	GlobalSection(ExtensibilityGlobals) = postSolution
		SolutionGuid = {B8EE0026-7FEE-4CD5-80CB-90A5B0955AD7}
	EndGlobalSection
EndGlobal
